// !$*UTF8*$!
{
	archiveVersion = 1;
	classes = {
	};
	objectVersion = 50;
	objects = {

/* Begin PBXBuildFile section */
		BC61D8C123DCC01700E91FD5 /* AppDelegate.swift in Sources */ = {isa = PBXBuildFile; fileRef = BC61D8C023DCC01700E91FD5 /* AppDelegate.swift */; };
		BC61D8C323DCC01700E91FD5 /* SceneDelegate.swift in Sources */ = {isa = PBXBuildFile; fileRef = BC61D8C223DCC01700E91FD5 /* SceneDelegate.swift */; };
		BC61D8C523DCC01700E91FD5 /* ViewController.swift in Sources */ = {isa = PBXBuildFile; fileRef = BC61D8C423DCC01700E91FD5 /* ViewController.swift */; };
		BC61D8C823DCC01700E91FD5 /* Main.storyboard in Resources */ = {isa = PBXBuildFile; fileRef = BC61D8C623DCC01700E91FD5 /* Main.storyboard */; };
		BC61D8CA23DCC01800E91FD5 /* Assets.xcassets in Resources */ = {isa = PBXBuildFile; fileRef = BC61D8C923DCC01800E91FD5 /* Assets.xcassets */; };
		BC61D8CD23DCC01800E91FD5 /* LaunchScreen.storyboard in Resources */ = {isa = PBXBuildFile; fileRef = BC61D8CB23DCC01800E91FD5 /* LaunchScreen.storyboard */; };
		BC61D8D823DCC01800E91FD5 /* BC_DetectTests.swift in Sources */ = {isa = PBXBuildFile; fileRef = BC61D8D723DCC01800E91FD5 /* BC_DetectTests.swift */; };
		BC61D8E323DCC01800E91FD5 /* BC_DetectUITests.swift in Sources */ = {isa = PBXBuildFile; fileRef = BC61D8E223DCC01800E91FD5 /* BC_DetectUITests.swift */; };
/* End PBXBuildFile section */

/* Begin PBXContainerItemProxy section */
		BC61D8D423DCC01800E91FD5 /* PBXContainerItemProxy */ = {
			isa = PBXContainerItemProxy;
			containerPortal = BC61D8B523DCC01600E91FD5 /* Project object */;
			proxyType = 1;
			remoteGlobalIDString = BC61D8BC23DCC01600E91FD5;
			remoteInfo = "BC Detect";
		};
		BC61D8DF23DCC01800E91FD5 /* PBXContainerItemProxy */ = {
			isa = PBXContainerItemProxy;
			containerPortal = BC61D8B523DCC01600E91FD5 /* Project object */;
			proxyType = 1;
			remoteGlobalIDString = BC61D8BC23DCC01600E91FD5;
			remoteInfo = "BC Detect";
		};
/* End PBXContainerItemProxy section */

/* Begin PBXFileReference section */
		BC61D8BD23DCC01700E91FD5 /* BC Detect.app */ = {isa = PBXFileReference; explicitFileType = wrapper.application; includeInIndex = 0; path = "BC Detect.app"; sourceTree = BUILT_PRODUCTS_DIR; };
		BC61D8C023DCC01700E91FD5 /* AppDelegate.swift */ = {isa = PBXFileReference; lastKnownFileType = sourcecode.swift; path = AppDelegate.swift; sourceTree = "<group>"; };
		BC61D8C223DCC01700E91FD5 /* SceneDelegate.swift */ = {isa = PBXFileReference; lastKnownFileType = sourcecode.swift; path = SceneDelegate.swift; sourceTree = "<group>"; };
		BC61D8C423DCC01700E91FD5 /* ViewController.swift */ = {isa = PBXFileReference; lastKnownFileType = sourcecode.swift; path = ViewController.swift; sourceTree = "<group>"; };
		BC61D8C723DCC01700E91FD5 /* Base */ = {isa = PBXFileReference; lastKnownFileType = file.storyboard; name = Base; path = Base.lproj/Main.storyboard; sourceTree = "<group>"; };
		BC61D8C923DCC01800E91FD5 /* Assets.xcassets */ = {isa = PBXFileReference; lastKnownFileType = folder.assetcatalog; path = Assets.xcassets; sourceTree = "<group>"; };
		BC61D8CC23DCC01800E91FD5 /* Base */ = {isa = PBXFileReference; lastKnownFileType = file.storyboard; name = Base; path = Base.lproj/LaunchScreen.storyboard; sourceTree = "<group>"; };
		BC61D8CE23DCC01800E91FD5 /* Info.plist */ = {isa = PBXFileReference; lastKnownFileType = text.plist.xml; path = Info.plist; sourceTree = "<group>"; };
		BC61D8D323DCC01800E91FD5 /* BC DetectTests.xctest */ = {isa = PBXFileReference; explicitFileType = wrapper.cfbundle; includeInIndex = 0; path = "BC DetectTests.xctest"; sourceTree = BUILT_PRODUCTS_DIR; };
		BC61D8D723DCC01800E91FD5 /* BC_DetectTests.swift */ = {isa = PBXFileReference; lastKnownFileType = sourcecode.swift; path = BC_DetectTests.swift; sourceTree = "<group>"; };
		BC61D8D923DCC01800E91FD5 /* Info.plist */ = {isa = PBXFileReference; lastKnownFileType = text.plist.xml; path = Info.plist; sourceTree = "<group>"; };
		BC61D8DE23DCC01800E91FD5 /* BC DetectUITests.xctest */ = {isa = PBXFileReference; explicitFileType = wrapper.cfbundle; includeInIndex = 0; path = "BC DetectUITests.xctest"; sourceTree = BUILT_PRODUCTS_DIR; };
		BC61D8E223DCC01800E91FD5 /* BC_DetectUITests.swift */ = {isa = PBXFileReference; lastKnownFileType = sourcecode.swift; path = BC_DetectUITests.swift; sourceTree = "<group>"; };
		BC61D8E423DCC01800E91FD5 /* Info.plist */ = {isa = PBXFileReference; lastKnownFileType = text.plist.xml; path = Info.plist; sourceTree = "<group>"; };
/* End PBXFileReference section */

/* Begin PBXFrameworksBuildPhase section */
		BC61D8BA23DCC01600E91FD5 /* Frameworks */ = {
			isa = PBXFrameworksBuildPhase;
			buildActionMask = 2147483647;
			files = (
			);
			runOnlyForDeploymentPostprocessing = 0;
		};
		BC61D8D023DCC01800E91FD5 /* Frameworks */ = {
			isa = PBXFrameworksBuildPhase;
			buildActionMask = 2147483647;
			files = (
			);
			runOnlyForDeploymentPostprocessing = 0;
		};
		BC61D8DB23DCC01800E91FD5 /* Frameworks */ = {
			isa = PBXFrameworksBuildPhase;
			buildActionMask = 2147483647;
			files = (
			);
			runOnlyForDeploymentPostprocessing = 0;
		};
/* End PBXFrameworksBuildPhase section */

/* Begin PBXGroup section */
		BC61D8B423DCC01600E91FD5 = {
			isa = PBXGroup;
			children = (
				BC61D8BF23DCC01700E91FD5 /* BC Detect */,
				BC61D8D623DCC01800E91FD5 /* BC DetectTests */,
				BC61D8E123DCC01800E91FD5 /* BC DetectUITests */,
				BC61D8BE23DCC01700E91FD5 /* Products */,
			);
			sourceTree = "<group>";
		};
		BC61D8BE23DCC01700E91FD5 /* Products */ = {
			isa = PBXGroup;
			children = (
				BC61D8BD23DCC01700E91FD5 /* BC Detect.app */,
				BC61D8D323DCC01800E91FD5 /* BC DetectTests.xctest */,
				BC61D8DE23DCC01800E91FD5 /* BC DetectUITests.xctest */,
			);
			name = Products;
			sourceTree = "<group>";
		};
		BC61D8BF23DCC01700E91FD5 /* BC Detect */ = {
			isa = PBXGroup;
			children = (
				BC61D8C023DCC01700E91FD5 /* AppDelegate.swift */,
				BC61D8C223DCC01700E91FD5 /* SceneDelegate.swift */,
				BC61D8C423DCC01700E91FD5 /* ViewController.swift */,
				BC61D8C623DCC01700E91FD5 /* Main.storyboard */,
				BC61D8C923DCC01800E91FD5 /* Assets.xcassets */,
				BC61D8CB23DCC01800E91FD5 /* LaunchScreen.storyboard */,
				BC61D8CE23DCC01800E91FD5 /* Info.plist */,
			);
			path = "BC Detect";
			sourceTree = "<group>";
		};
		BC61D8D623DCC01800E91FD5 /* BC DetectTests */ = {
			isa = PBXGroup;
			children = (
				BC61D8D723DCC01800E91FD5 /* BC_DetectTests.swift */,
				BC61D8D923DCC01800E91FD5 /* Info.plist */,
			);
			path = "BC DetectTests";
			sourceTree = "<group>";
		};
		BC61D8E123DCC01800E91FD5 /* BC DetectUITests */ = {
			isa = PBXGroup;
			children = (
				BC61D8E223DCC01800E91FD5 /* BC_DetectUITests.swift */,
				BC61D8E423DCC01800E91FD5 /* Info.plist */,
			);
			path = "BC DetectUITests";
			sourceTree = "<group>";
		};
/* End PBXGroup section */

/* Begin PBXNativeTarget section */
		BC61D8BC23DCC01600E91FD5 /* BC Detect */ = {
			isa = PBXNativeTarget;
			buildConfigurationList = BC61D8E723DCC01800E91FD5 /* Build configuration list for PBXNativeTarget "BC Detect" */;
			buildPhases = (
				BC61D8B923DCC01600E91FD5 /* Sources */,
				BC61D8BA23DCC01600E91FD5 /* Frameworks */,
				BC61D8BB23DCC01600E91FD5 /* Resources */,
			);
			buildRules = (
			);
			dependencies = (
			);
			name = "BC Detect";
			productName = "BC Detect";
			productReference = BC61D8BD23DCC01700E91FD5 /* BC Detect.app */;
			productType = "com.apple.product-type.application";
		};
		BC61D8D223DCC01800E91FD5 /* BC DetectTests */ = {
			isa = PBXNativeTarget;
			buildConfigurationList = BC61D8EA23DCC01800E91FD5 /* Build configuration list for PBXNativeTarget "BC DetectTests" */;
			buildPhases = (
				BC61D8CF23DCC01800E91FD5 /* Sources */,
				BC61D8D023DCC01800E91FD5 /* Frameworks */,
				BC61D8D123DCC01800E91FD5 /* Resources */,
			);
			buildRules = (
			);
			dependencies = (
				BC61D8D523DCC01800E91FD5 /* PBXTargetDependency */,
			);
			name = "BC DetectTests";
			productName = "BC DetectTests";
			productReference = BC61D8D323DCC01800E91FD5 /* BC DetectTests.xctest */;
			productType = "com.apple.product-type.bundle.unit-test";
		};
		BC61D8DD23DCC01800E91FD5 /* BC DetectUITests */ = {
			isa = PBXNativeTarget;
			buildConfigurationList = BC61D8ED23DCC01800E91FD5 /* Build configuration list for PBXNativeTarget "BC DetectUITests" */;
			buildPhases = (
				BC61D8DA23DCC01800E91FD5 /* Sources */,
				BC61D8DB23DCC01800E91FD5 /* Frameworks */,
				BC61D8DC23DCC01800E91FD5 /* Resources */,
			);
			buildRules = (
			);
			dependencies = (
				BC61D8E023DCC01800E91FD5 /* PBXTargetDependency */,
			);
			name = "BC DetectUITests";
			productName = "BC DetectUITests";
			productReference = BC61D8DE23DCC01800E91FD5 /* BC DetectUITests.xctest */;
			productType = "com.apple.product-type.bundle.ui-testing";
		};
/* End PBXNativeTarget section */

/* Begin PBXProject section */
		BC61D8B523DCC01600E91FD5 /* Project object */ = {
			isa = PBXProject;
			attributes = {
				LastSwiftUpdateCheck = 1130;
				LastUpgradeCheck = 1130;
				ORGANIZATIONNAME = "Ankit Roy";
				TargetAttributes = {
					BC61D8BC23DCC01600E91FD5 = {
						CreatedOnToolsVersion = 11.3.1;
					};
					BC61D8D223DCC01800E91FD5 = {
						CreatedOnToolsVersion = 11.3.1;
						TestTargetID = BC61D8BC23DCC01600E91FD5;
					};
					BC61D8DD23DCC01800E91FD5 = {
						CreatedOnToolsVersion = 11.3.1;
						TestTargetID = BC61D8BC23DCC01600E91FD5;
					};
				};
			};
			buildConfigurationList = BC61D8B823DCC01600E91FD5 /* Build configuration list for PBXProject "BC Detect" */;
			compatibilityVersion = "Xcode 9.3";
			developmentRegion = en;
			hasScannedForEncodings = 0;
			knownRegions = (
				en,
				Base,
			);
			mainGroup = BC61D8B423DCC01600E91FD5;
			productRefGroup = BC61D8BE23DCC01700E91FD5 /* Products */;
			projectDirPath = "";
			projectRoot = "";
			targets = (
				BC61D8BC23DCC01600E91FD5 /* BC Detect */,
				BC61D8D223DCC01800E91FD5 /* BC DetectTests */,
				BC61D8DD23DCC01800E91FD5 /* BC DetectUITests */,
			);
		};
/* End PBXProject section */

/* Begin PBXResourcesBuildPhase section */
		BC61D8BB23DCC01600E91FD5 /* Resources */ = {
			isa = PBXResourcesBuildPhase;
			buildActionMask = 2147483647;
			files = (
				BC61D8CD23DCC01800E91FD5 /* LaunchScreen.storyboard in Resources */,
				BC61D8CA23DCC01800E91FD5 /* Assets.xcassets in Resources */,
				BC61D8C823DCC01700E91FD5 /* Main.storyboard in Resources */,
			);
			runOnlyForDeploymentPostprocessing = 0;
		};
		BC61D8D123DCC01800E91FD5 /* Resources */ = {
			isa = PBXResourcesBuildPhase;
			buildActionMask = 2147483647;
			files = (
			);
			runOnlyForDeploymentPostprocessing = 0;
		};
		BC61D8DC23DCC01800E91FD5 /* Resources */ = {
			isa = PBXResourcesBuildPhase;
			buildActionMask = 2147483647;
			files = (
			);
			runOnlyForDeploymentPostprocessing = 0;
		};
/* End PBXResourcesBuildPhase section */

/* Begin PBXSourcesBuildPhase section */
		BC61D8B923DCC01600E91FD5 /* Sources */ = {
			isa = PBXSourcesBuildPhase;
			buildActionMask = 2147483647;
			files = (
				BC61D8C523DCC01700E91FD5 /* ViewController.swift in Sources */,
				BC61D8C123DCC01700E91FD5 /* AppDelegate.swift in Sources */,
				BC61D8C323DCC01700E91FD5 /* SceneDelegate.swift in Sources */,
			);
			runOnlyForDeploymentPostprocessing = 0;
		};
		BC61D8CF23DCC01800E91FD5 /* Sources */ = {
			isa = PBXSourcesBuildPhase;
			buildActionMask = 2147483647;
			files = (
				BC61D8D823DCC01800E91FD5 /* BC_DetectTests.swift in Sources */,
			);
			runOnlyForDeploymentPostprocessing = 0;
		};
		BC61D8DA23DCC01800E91FD5 /* Sources */ = {
			isa = PBXSourcesBuildPhase;
			buildActionMask = 2147483647;
			files = (
				BC61D8E323DCC01800E91FD5 /* BC_DetectUITests.swift in Sources */,
			);
			runOnlyForDeploymentPostprocessing = 0;
		};
/* End PBXSourcesBuildPhase section */

/* Begin PBXTargetDependency section */
		BC61D8D523DCC01800E91FD5 /* PBXTargetDependency */ = {
			isa = PBXTargetDependency;
			target = BC61D8BC23DCC01600E91FD5 /* BC Detect */;
			targetProxy = BC61D8D423DCC01800E91FD5 /* PBXContainerItemProxy */;
		};
		BC61D8E023DCC01800E91FD5 /* PBXTargetDependency */ = {
			isa = PBXTargetDependency;
			target = BC61D8BC23DCC01600E91FD5 /* BC Detect */;
			targetProxy = BC61D8DF23DCC01800E91FD5 /* PBXContainerItemProxy */;
		};
/* End PBXTargetDependency section */

/* Begin PBXVariantGroup section */
		BC61D8C623DCC01700E91FD5 /* Main.storyboard */ = {
			isa = PBXVariantGroup;
			children = (
				BC61D8C723DCC01700E91FD5 /* Base */,
			);
			name = Main.storyboard;
			sourceTree = "<group>";
		};
		BC61D8CB23DCC01800E91FD5 /* LaunchScreen.storyboard */ = {
			isa = PBXVariantGroup;
			children = (
				BC61D8CC23DCC01800E91FD5 /* Base */,
			);
			name = LaunchScreen.storyboard;
			sourceTree = "<group>";
		};
/* End PBXVariantGroup section */

/* Begin XCBuildConfiguration section */
		BC61D8E523DCC01800E91FD5 /* Debug */ = {
			isa = XCBuildConfiguration;
			buildSettings = {
				ALWAYS_SEARCH_USER_PATHS = NO;
				CLANG_ANALYZER_NONNULL = YES;
				CLANG_ANALYZER_NUMBER_OBJECT_CONVERSION = YES_AGGRESSIVE;
				CLANG_CXX_LANGUAGE_STANDARD = "gnu++14";
				CLANG_CXX_LIBRARY = "libc++";
				CLANG_ENABLE_MODULES = YES;
				CLANG_ENABLE_OBJC_ARC = YES;
				CLANG_ENABLE_OBJC_WEAK = YES;
				CLANG_WARN_BLOCK_CAPTURE_AUTORELEASING = YES;
				CLANG_WARN_BOOL_CONVERSION = YES;
				CLANG_WARN_COMMA = YES;
				CLANG_WARN_CONSTANT_CONVERSION = YES;
				CLANG_WARN_DEPRECATED_OBJC_IMPLEMENTATIONS = YES;
				CLANG_WARN_DIRECT_OBJC_ISA_USAGE = YES_ERROR;
				CLANG_WARN_DOCUMENTATION_COMMENTS = YES;
				CLANG_WARN_EMPTY_BODY = YES;
				CLANG_WARN_ENUM_CONVERSION = YES;
				CLANG_WARN_INFINITE_RECURSION = YES;
				CLANG_WARN_INT_CONVERSION = YES;
				CLANG_WARN_NON_LITERAL_NULL_CONVERSION = YES;
				CLANG_WARN_OBJC_IMPLICIT_RETAIN_SELF = YES;
				CLANG_WARN_OBJC_LITERAL_CONVERSION = YES;
				CLANG_WARN_OBJC_ROOT_CLASS = YES_ERROR;
				CLANG_WARN_RANGE_LOOP_ANALYSIS = YES;
				CLANG_WARN_STRICT_PROTOTYPES = YES;
				CLANG_WARN_SUSPICIOUS_MOVE = YES;
				CLANG_WARN_UNGUARDED_AVAILABILITY = YES_AGGRESSIVE;
				CLANG_WARN_UNREACHABLE_CODE = YES;
				CLANG_WARN__DUPLICATE_METHOD_MATCH = YES;
				COPY_PHASE_STRIP = NO;
				DEBUG_INFORMATION_FORMAT = dwarf;
				ENABLE_STRICT_OBJC_MSGSEND = YES;
				ENABLE_TESTABILITY = YES;
				GCC_C_LANGUAGE_STANDARD = gnu11;
				GCC_DYNAMIC_NO_PIC = NO;
				GCC_NO_COMMON_BLOCKS = YES;
				GCC_OPTIMIZATION_LEVEL = 0;
				GCC_PREPROCESSOR_DEFINITIONS = (
					"DEBUG=1",
					"$(inherited)",
				);
				GCC_WARN_64_TO_32_BIT_CONVERSION = YES;
				GCC_WARN_ABOUT_RETURN_TYPE = YES_ERROR;
				GCC_WARN_UNDECLARED_SELECTOR = YES;
				GCC_WARN_UNINITIALIZED_AUTOS = YES_AGGRESSIVE;
				GCC_WARN_UNUSED_FUNCTION = YES;
				GCC_WARN_UNUSED_VARIABLE = YES;
				IPHONEOS_DEPLOYMENT_TARGET = 13.2;
				MTL_ENABLE_DEBUG_INFO = INCLUDE_SOURCE;
				MTL_FAST_MATH = YES;
				ONLY_ACTIVE_ARCH = YES;
				SDKROOT = iphoneos;
				SWIFT_ACTIVE_COMPILATION_CONDITIONS = DEBUG;
				SWIFT_OPTIMIZATION_LEVEL = "-Onone";
			};
			name = Debug;
		};
		BC61D8E623DCC01800E91FD5 /* Release */ = {
			isa = XCBuildConfiguration;
			buildSettings = {
				ALWAYS_SEARCH_USER_PATHS = NO;
				CLANG_ANALYZER_NONNULL = YES;
				CLANG_ANALYZER_NUMBER_OBJECT_CONVERSION = YES_AGGRESSIVE;
				CLANG_CXX_LANGUAGE_STANDARD = "gnu++14";
				CLANG_CXX_LIBRARY = "libc++";
				CLANG_ENABLE_MODULES = YES;
				CLANG_ENABLE_OBJC_ARC = YES;
				CLANG_ENABLE_OBJC_WEAK = YES;
				CLANG_WARN_BLOCK_CAPTURE_AUTORELEASING = YES;
				CLANG_WARN_BOOL_CONVERSION = YES;
				CLANG_WARN_COMMA = YES;
				CLANG_WARN_CONSTANT_CONVERSION = YES;
				CLANG_WARN_DEPRECATED_OBJC_IMPLEMENTATIONS = YES;
				CLANG_WARN_DIRECT_OBJC_ISA_USAGE = YES_ERROR;
				CLANG_WARN_DOCUMENTATION_COMMENTS = YES;
				CLANG_WARN_EMPTY_BODY = YES;
				CLANG_WARN_ENUM_CONVERSION = YES;
				CLANG_WARN_INFINITE_RECURSION = YES;
				CLANG_WARN_INT_CONVERSION = YES;
				CLANG_WARN_NON_LITERAL_NULL_CONVERSION = YES;
				CLANG_WARN_OBJC_IMPLICIT_RETAIN_SELF = YES;
				CLANG_WARN_OBJC_LITERAL_CONVERSION = YES;
				CLANG_WARN_OBJC_ROOT_CLASS = YES_ERROR;
				CLANG_WARN_RANGE_LOOP_ANALYSIS = YES;
				CLANG_WARN_STRICT_PROTOTYPES = YES;
				CLANG_WARN_SUSPICIOUS_MOVE = YES;
				CLANG_WARN_UNGUARDED_AVAILABILITY = YES_AGGRESSIVE;
				CLANG_WARN_UNREACHABLE_CODE = YES;
				CLANG_WARN__DUPLICATE_METHOD_MATCH = YES;
				COPY_PHASE_STRIP = NO;
				DEBUG_INFORMATION_FORMAT = "dwarf-with-dsym";
				ENABLE_NS_ASSERTIONS = NO;
				ENABLE_STRICT_OBJC_MSGSEND = YES;
				GCC_C_LANGUAGE_STANDARD = gnu11;
				GCC_NO_COMMON_BLOCKS = YES;
				GCC_WARN_64_TO_32_BIT_CONVERSION = YES;
				GCC_WARN_ABOUT_RETURN_TYPE = YES_ERROR;
				GCC_WARN_UNDECLARED_SELECTOR = YES;
				GCC_WARN_UNINITIALIZED_AUTOS = YES_AGGRESSIVE;
				GCC_WARN_UNUSED_FUNCTION = YES;
				GCC_WARN_UNUSED_VARIABLE = YES;
				IPHONEOS_DEPLOYMENT_TARGET = 13.2;
				MTL_ENABLE_DEBUG_INFO = NO;
				MTL_FAST_MATH = YES;
				SDKROOT = iphoneos;
				SWIFT_COMPILATION_MODE = wholemodule;
				SWIFT_OPTIMIZATION_LEVEL = "-O";
				VALIDATE_PRODUCT = YES;
			};
			name = Release;
		};
		BC61D8E823DCC01800E91FD5 /* Debug */ = {
			isa = XCBuildConfiguration;
			buildSettings = {
				ASSETCATALOG_COMPILER_APPICON_NAME = AppIcon;
				CODE_SIGN_STYLE = Automatic;
				DEVELOPMENT_TEAM = 953TZS8VAU;
				INFOPLIST_FILE = "BC Detect/Info.plist";
				LD_RUNPATH_SEARCH_PATHS = (
					"$(inherited)",
					"@executable_path/Frameworks",
				);
				PRODUCT_BUNDLE_IDENTIFIER = "com.ankitRoy.BC-Detect";
				PRODUCT_NAME = "$(TARGET_NAME)";
				SWIFT_VERSION = 5.0;
				TARGETED_DEVICE_FAMILY = "1,2";
			};
			name = Debug;
		};
		BC61D8E923DCC01800E91FD5 /* Release */ = {
			isa = XCBuildConfiguration;
			buildSettings = {
				ASSETCATALOG_COMPILER_APPICON_NAME = AppIcon;
				CODE_SIGN_STYLE = Automatic;
				DEVELOPMENT_TEAM = 953TZS8VAU;
				INFOPLIST_FILE = "BC Detect/Info.plist";
				LD_RUNPATH_SEARCH_PATHS = (
					"$(inherited)",
					"@executable_path/Frameworks",
				);
				PRODUCT_BUNDLE_IDENTIFIER = "com.ankitRoy.BC-Detect";
				PRODUCT_NAME = "$(TARGET_NAME)";
				SWIFT_VERSION = 5.0;
				TARGETED_DEVICE_FAMILY = "1,2";
			};
			name = Release;
		};
		BC61D8EB23DCC01800E91FD5 /* Debug */ = {
			isa = XCBuildConfiguration;
			buildSettings = {
				ALWAYS_EMBED_SWIFT_STANDARD_LIBRARIES = YES;
				BUNDLE_LOADER = "$(TEST_HOST)";
				CODE_SIGN_STYLE = Automatic;
				DEVELOPMENT_TEAM = 953TZS8VAU;
				INFOPLIST_FILE = "BC DetectTests/Info.plist";
				IPHONEOS_DEPLOYMENT_TARGET = 13.2;
				LD_RUNPATH_SEARCH_PATHS = (
					"$(inherited)",
					"@executable_path/Frameworks",
					"@loader_path/Frameworks",
				);
				PRODUCT_BUNDLE_IDENTIFIER = "com.ankitRoy.BC-DetectTests";
				PRODUCT_NAME = "$(TARGET_NAME)";
				SWIFT_VERSION = 5.0;
				TARGETED_DEVICE_FAMILY = "1,2";
				TEST_HOST = "$(BUILT_PRODUCTS_DIR)/BC Detect.app/BC Detect";
			};
			name = Debug;
		};
		BC61D8EC23DCC01800E91FD5 /* Release */ = {
			isa = XCBuildConfiguration;
			buildSettings = {
				ALWAYS_EMBED_SWIFT_STANDARD_LIBRARIES = YES;
				BUNDLE_LOADER = "$(TEST_HOST)";
				CODE_SIGN_STYLE = Automatic;
				DEVELOPMENT_TEAM = 953TZS8VAU;
				INFOPLIST_FILE = "BC DetectTests/Info.plist";
				IPHONEOS_DEPLOYMENT_TARGET = 13.2;
				LD_RUNPATH_SEARCH_PATHS = (
					"$(inherited)",
					"@executable_path/Frameworks",
					"@loader_path/Frameworks",
				);
				PRODUCT_BUNDLE_IDENTIFIER = "com.ankitRoy.BC-DetectTests";
				PRODUCT_NAME = "$(TARGET_NAME)";
				SWIFT_VERSION = 5.0;
				TARGETED_DEVICE_FAMILY = "1,2";
				TEST_HOST = "$(BUILT_PRODUCTS_DIR)/BC Detect.app/BC Detect";
			};
			name = Release;
		};
		BC61D8EE23DCC01800E91FD5 /* Debug */ = {
			isa = XCBuildConfiguration;
			buildSettings = {
				ALWAYS_EMBED_SWIFT_STANDARD_LIBRARIES = YES;
				CODE_SIGN_STYLE = Automatic;
				DEVELOPMENT_TEAM = 953TZS8VAU;
				INFOPLIST_FILE = "BC DetectUITests/Info.plist";
				LD_RUNPATH_SEARCH_PATHS = (
					"$(inherited)",
					"@executable_path/Frameworks",
					"@loader_path/Frameworks",
				);
				PRODUCT_BUNDLE_IDENTIFIER = "com.ankitRoy.BC-DetectUITests";
				PRODUCT_NAME = "$(TARGET_NAME)";
				SWIFT_VERSION = 5.0;
				TARGETED_DEVICE_FAMILY = "1,2";
				TEST_TARGET_NAME = "BC Detect";
			};
			name = Debug;
		};
		BC61D8EF23DCC01800E91FD5 /* Release */ = {
			isa = XCBuildConfiguration;
			buildSettings = {
				ALWAYS_EMBED_SWIFT_STANDARD_LIBRARIES = YES;
				CODE_SIGN_STYLE = Automatic;
				DEVELOPMENT_TEAM = 953TZS8VAU;
				INFOPLIST_FILE = "BC DetectUITests/Info.plist";
				LD_RUNPATH_SEARCH_PATHS = (
					"$(inherited)",
					"@executable_path/Frameworks",
					"@loader_path/Frameworks",
				);
				PRODUCT_BUNDLE_IDENTIFIER = "com.ankitRoy.BC-DetectUITests";
				PRODUCT_NAME = "$(TARGET_NAME)";
				SWIFT_VERSION = 5.0;
				TARGETED_DEVICE_FAMILY = "1,2";
				TEST_TARGET_NAME = "BC Detect";
			};
			name = Release;
		};
/* End XCBuildConfiguration section */

/* Begin XCConfigurationList section */
		BC61D8B823DCC01600E91FD5 /* Build configuration list for PBXProject "BC Detect" */ = {
			isa = XCConfigurationList;
			buildConfigurations = (
				BC61D8E523DCC01800E91FD5 /* Debug */,
				BC61D8E623DCC01800E91FD5 /* Release */,
			);
			defaultConfigurationIsVisible = 0;
			defaultConfigurationName = Release;
		};
		BC61D8E723DCC01800E91FD5 /* Build configuration list for PBXNativeTarget "BC Detect" */ = {
			isa = XCConfigurationList;
			buildConfigurations = (
				BC61D8E823DCC01800E91FD5 /* Debug */,
				BC61D8E923DCC01800E91FD5 /* Release */,
			);
			defaultConfigurationIsVisible = 0;
			defaultConfigurationName = Release;
		};
		BC61D8EA23DCC01800E91FD5 /* Build configuration list for PBXNativeTarget "BC DetectTests" */ = {
			isa = XCConfigurationList;
			buildConfigurations = (
				BC61D8EB23DCC01800E91FD5 /* Debug */,
				BC61D8EC23DCC01800E91FD5 /* Release */,
			);
			defaultConfigurationIsVisible = 0;
			defaultConfigurationName = Release;
		};
		BC61D8ED23DCC01800E91FD5 /* Build configuration list for PBXNativeTarget "BC DetectUITests" */ = {
			isa = XCConfigurationList;
			buildConfigurations = (
				BC61D8EE23DCC01800E91FD5 /* Debug */,
				BC61D8EF23DCC01800E91FD5 /* Release */,
			);
			defaultConfigurationIsVisible = 0;
			defaultConfigurationName = Release;
		};
/* End XCConfigurationList section */
	};
	rootObject = BC61D8B523DCC01600E91FD5 /* Project object */;
}
